
Microsoft Visual Studio Solution File, Format Version 12.00
# Visual Studio Version 16
VisualStudioVersion = 16.0.31005.135
MinimumVisualStudioVersion = 10.0.40219.1
Project("{FAE04EC0-301F-11D3-BF4B-00C04F79EFBC}") = "BetterBooks", "BetterBooks\BetterBooks.csproj", "{3EE10BD3-D3F0-4211-8B6E-7AE565BE2B67}"
EndProject
Global
	GlobalSection(SolutionConfigurationPlatforms) = preSolution
		Debug|Any CPU = Debug|Any CPU
		Release|Any CPU = Release|Any CPU
	EndGlobalSection
	GlobalSection(ProjectConfigurationPlatforms) = postSolution
		{3EE10BD3-D3F0-4211-8B6E-7AE565BE2B67}.Debug|Any CPU.ActiveCfg = Debug|Any CPU
		{3EE10BD3-D3F0-4211-8B6E-7AE565BE2B67}.Debug|Any CPU.Build.0 = Debug|Any CPU
		{3EE10BD3-D3F0-4211-8B6E-7AE565BE2B67}.Release|Any CPU.ActiveCfg = Release|Any CPU
		{3EE10BD3-D3F0-4211-8B6E-7AE565BE2B67}.Release|Any CPU.Build.0 = Release|Any CPU
	EndGlobalSection
	GlobalSection(SolutionProperties) = preSolution
		HideSolutionNode = FALSE
	EndGlobalSection
	GlobalSection(ExtensibilityGlobals) = postSolution
		SolutionGuid = {410FD556-6A6A-4433-AF22-A3C17F57BE38}
	EndGlobalSection
EndGlobal
